
Microsoft Visual Studio Solution File, Format Version 12.00
# Visual Studio Version 16
VisualStudioVersion = 16.0.31613.86
MinimumVisualStudioVersion = 10.0.40219.1
Project("{FAE04EC0-301F-11D3-BF4B-00C04F79EFBC}") = "AddressBookMVC", "AddressBookMVC.csproj", "{D0F97A74-4CA4-4ACB-85A5-B297CC47BD48}"
EndProject
Global
	GlobalSection(SolutionConfigurationPlatforms) = preSolution
		Debug|Any CPU = Debug|Any CPU
		Release|Any CPU = Release|Any CPU
	EndGlobalSection
	GlobalSection(ProjectConfigurationPlatforms) = postSolution
		{D0F97A74-4CA4-4ACB-85A5-B297CC47BD48}.Debug|Any CPU.ActiveCfg = Debug|Any CPU
		{D0F97A74-4CA4-4ACB-85A5-B297CC47BD48}.Debug|Any CPU.Build.0 = Debug|Any CPU
		{D0F97A74-4CA4-4ACB-85A5-B297CC47BD48}.Release|Any CPU.ActiveCfg = Release|Any CPU
		{D0F97A74-4CA4-4ACB-85A5-B297CC47BD48}.Release|Any CPU.Build.0 = Release|Any CPU
	EndGlobalSection
	GlobalSection(SolutionProperties) = preSolution
		HideSolutionNode = FALSE
	EndGlobalSection
	GlobalSection(ExtensibilityGlobals) = postSolution
		SolutionGuid = {398A1DB1-46C6-48D2-B43D-DBCC1602C769}
	EndGlobalSection
EndGlobal
